<?xml version="1.0" encoding="utf-8"?>
<Project ToolsVersion="4.0" xmlns="http://schemas.microsoft.com/developer/msbuild/2003">
  <ItemGroup>
    <Filter Include="Source Files">
      <UniqueIdentifier>{4FC737F1-C7A5-4376-A066-2A32D752A2FF}</UniqueIdentifier>
      <Extensions>cpp;c;cc;cxx;c++;cppm;ixx;def;odl;idl;hpj;bat;asm;asmx</Extensions>
    </Filter>
    <Filter Include="Header Files">
      <UniqueIdentifier>{93995380-89BD-4b04-88EB-625FBE52EBFB}</UniqueIdentifier>
      <Extensions>h;hh;hpp;hxx;h++;hm;inl;inc;ipp;xsd</Extensions>
    </Filter>
    <Filter Include="Resource Files">
      <UniqueIdentifier>{67DA6AB6-F800-4c08-8B7A-83BB121AAD01}</UniqueIdentifier>
      <Extensions>rc;ico;cur;bmp;dlg;rc2;rct;bin;rgs;gif;jpg;jpeg;jpe;resx;tiff;tif;png;wav;mfcribbon-ms</Extensions>
    </Filter>
    <Filter Include="Source Files\imgui">
      <UniqueIdentifier>{ccf3014f-a922-4fa9-96db-2f1ffc1b583e}</UniqueIdentifier>
    </Filter>
    <Filter Include="Header Files\BufferObject">
      <UniqueIdentifier>{95e589ba-170f-4aaf-9c06-2c0706869206}</UniqueIdentifier>
    </Filter>
    <Filter Include="Source Files\BufferObject">
      <UniqueIdentifier>{4081be71-8177-4dc9-93ac-f921f543e000}</UniqueIdentifier>
    </Filter>
    <Filter Include="Source Files\imGuiFileDialog">
      <UniqueIdentifier>{e263d635-8af6-4b68-88ff-b32adbff0634}</UniqueIdentifier>
    </Filter>
  </ItemGroup>
  <ItemGroup>
    <ClCompile Include="..\includes\imgui\imgui.cpp">
      <Filter>Source Files\imgui</Filter>
    </ClCompile>
    <ClCompile Include="..\includes\imgui\imgui_demo.cpp">
      <Filter>Source Files\imgui</Filter>
    </ClCompile>
    <ClCompile Include="..\includes\imgui\imgui_draw.cpp">
      <Filter>Source Files\imgui</Filter>
    </ClCompile>
    <ClCompile Include="..\includes\imgui\imgui_impl_glfw.cpp">
      <Filter>Source Files\imgui</Filter>
    </ClCompile>
    <ClCompile Include="..\includes\imgui\imgui_impl_opengl3.cpp">
      <Filter>Source Files\imgui</Filter>
    </ClCompile>
    <ClCompile Include="..\includes\imgui\imgui_tables.cpp">
      <Filter>Source Files\imgui</Filter>
    </ClCompile>
    <ClCompile Include="..\includes\imgui\imgui_widgets.cpp">
      <Filter>Source Files\imgui</Filter>
    </ClCompile>
    <ClCompile Include="src\Graphics.cpp">
      <Filter>Source Files</Filter>
    </ClCompile>
    <ClCompile Include="src\main.cpp">
      <Filter>Source Files</Filter>
    </ClCompile>
    <ClCompile Include="src\texture.cpp">
      <Filter>Source Files</Filter>
    </ClCompile>
    <ClCompile Include="src\TextureBuffer.cpp">
      <Filter>Source Files\BufferObject</Filter>
    </ClCompile>
    <ClCompile Include="src\VertexBuffer.cpp">
      <Filter>Source Files\BufferObject</Filter>
    </ClCompile>
    <ClCompile Include="src\VertexBufferArray.cpp">
      <Filter>Source Files\BufferObject</Filter>
    </ClCompile>
    <ClCompile Include="src\IndexBuffer.cpp">
      <Filter>Source Files\BufferObject</Filter>
    </ClCompile>
    <ClCompile Include="src\Mesh.cpp">
      <Filter>Source Files</Filter>
    </ClCompile>
    <ClCompile Include="src\model.cpp">
      <Filter>Source Files</Filter>
    </ClCompile>
    <ClCompile Include="src\glad.c">
      <Filter>Source Files</Filter>
    </ClCompile>
    <ClCompile Include="src\shader.cpp">
      <Filter>Source Files</Filter>
    </ClCompile>
    <ClCompile Include="include\object.cpp">
      <Filter>Source Files</Filter>
    </ClCompile>
    <ClCompile Include="lib\ImGuiFileDialog\ImGuiFileDialog.cpp">
      <Filter>Source Files\imGuiFileDialog</Filter>
    </ClCompile>
  </ItemGroup>
  <ItemGroup>
    <ClInclude Include="..\includes\imgui\imconfig.h">
      <Filter>Source Files\imgui</Filter>
    </ClInclude>
    <ClInclude Include="..\includes\imgui\imgui.h">
      <Filter>Source Files\imgui</Filter>
    </ClInclude>
    <ClInclude Include="..\includes\imgui\imgui_impl_glfw.h">
      <Filter>Source Files\imgui</Filter>
    </ClInclude>
    <ClInclude Include="..\includes\imgui\imgui_impl_opengl3.h">
      <Filter>Source Files\imgui</Filter>
    </ClInclude>
    <ClInclude Include="..\includes\imgui\imgui_internal.h">
      <Filter>Source Files\imgui</Filter>
    </ClInclude>
    <ClInclude Include="..\includes\imgui\imstb_rectpack.h">
      <Filter>Source Files\imgui</Filter>
    </ClInclude>
    <ClInclude Include="..\includes\imgui\imstb_textedit.h">
      <Filter>Source Files\imgui</Filter>
    </ClInclude>
    <ClInclude Include="..\includes\imgui\imstb_truetype.h">
      <Filter>Source Files\imgui</Filter>
    </ClInclude>
    <ClInclude Include="include\Camera.h">
      <Filter>Header Files</Filter>
    </ClInclude>
    <ClInclude Include="include\Graphics.h">
      <Filter>Header Files</Filter>
    </ClInclude>
    <ClInclude Include="include\shader.h">
      <Filter>Header Files</Filter>
    </ClInclude>
    <ClInclude Include="include\stb_image.h">
      <Filter>Header Files</Filter>
    </ClInclude>
    <ClInclude Include="include\AttribLayOut.h">
      <Filter>Header Files\BufferObject</Filter>
    </ClInclude>
    <ClInclude Include="include\IndexBuffer.h">
      <Filter>Header Files\BufferObject</Filter>
    </ClInclude>
    <ClInclude Include="include\TextureBuffer.h">
      <Filter>Header Files\BufferObject</Filter>
    </ClInclude>
    <ClInclude Include="include\VertexBuffer.h">
      <Filter>Header Files\BufferObject</Filter>
    </ClInclude>
    <ClInclude Include="include\VertexBufferArray.h">
      <Filter>Header Files\BufferObject</Filter>
    </ClInclude>
    <ClInclude Include="include\mesh.h">
      <Filter>Header Files</Filter>
    </ClInclude>
    <ClInclude Include="include\model.h">
      <Filter>Header Files</Filter>
    </ClInclude>
    <ClInclude Include="include\transform.h">
      <Filter>Header Files</Filter>
    </ClInclude>
    <ClInclude Include="include\object.h">
      <Filter>Header Files</Filter>
    </ClInclude>
    <ClInclude Include="lib\ImGuiFileDialog\ImGuiFileDialog.h">
      <Filter>Source Files\imGuiFileDialog</Filter>
    </ClInclude>
  </ItemGroup>
  <ItemGroup>
    <None Include="resources\shader\fragmentShader.glsl">
      <Filter>Resource Files</Filter>
    </None>
    <None Include="resources\shader\grassFShader.glsl">
      <Filter>Resource Files</Filter>
    </None>
    <None Include="resources\shader\grassGShader.glsl">
      <Filter>Resource Files</Filter>
    </None>
    <None Include="resources\shader\grassVShader.glsl">
      <Filter>Resource Files</Filter>
    </None>
    <None Include="resources\shader\vertexShader.glsl">
      <Filter>Resource Files</Filter>
    </None>
    <None Include="resources\shader\tessFShader.glsl">
      <Filter>Resource Files</Filter>
    </None>
    <None Include="resources\shader\tessGShader.glsl">
      <Filter>Resource Files</Filter>
    </None>
    <None Include="resources\shader\tessVShader.glsl">
      <Filter>Resource Files</Filter>
    </None>
    <None Include="resources\shader\tessCShader.glsl">
      <Filter>Resource Files</Filter>
    </None>
    <None Include="resources\shader\tessEShader.glsl">
      <Filter>Resource Files</Filter>
    </None>
    <None Include="resources\shader\noiseFShader.glsl">
      <Filter>Resource Files</Filter>
    </None>
  </ItemGroup>
</Project>